
Microsoft Visual Studio Solution File, Format Version 12.00
# Visual Studio Version 17
VisualStudioVersion = 17.9.34407.89
MinimumVisualStudioVersion = 10.0.40219.1
Project("{FAE04EC0-301F-11D3-BF4B-00C04F79EFBC}") = "BMC.CCTVSecurity", "BMC.CCTVSecurity\BMC.CCTVSecurity.csproj", "{15F81E78-E7F8-43F3-B7B0-CD9B42FDC949}"
EndProject
Project("{2150E333-8FDC-42A3-9474-1A3956D46DE8}") = "Shared", "Shared", "{13C27E8E-B67A-4246-8EFC-4B4807E1C381}"
EndProject
Project("{9A19103F-16F7-4668-BE54-9A1E7A4F7556}") = "IVilson.AI.Yolov7net", "Yolov7net\IVilson.AI.Yolov7net.csproj", "{C3330CAA-9EC5-4478-83DF-92DA36EC2B1B}"
EndProject
Project("{2150E333-8FDC-42A3-9474-1A3956D46DE8}") = "UWP", "UWP", "{588F5F15-8439-4635-87A6-667B007CF9C6}"
EndProject
Project("{2150E333-8FDC-42A3-9474-1A3956D46DE8}") = "CrossPlatform", "CrossPlatform", "{C5B1C1E2-C198-4F57-85E7-2AAFE35CD900}"
EndProject
Project("{9A19103F-16F7-4668-BE54-9A1E7A4F7556}") = "BMC.CCTVMonitoring", "BMC.CCTVMonitoring\BMC.CCTVMonitoring.csproj", "{911DA66B-2DFA-4E8D-BB87-EBAB804BDA22}"
EndProject
Project("{9A19103F-16F7-4668-BE54-9A1E7A4F7556}") = "BMC.CCTVMonitoring.Desktop", "BMC.CCTVMonitoring.Desktop\BMC.CCTVMonitoring.Desktop.csproj", "{3C4B75E4-EA42-49E4-80CF-5D7EE6077F78}"
EndProject
Global
	GlobalSection(SolutionConfigurationPlatforms) = preSolution
		Debug|Any CPU = Debug|Any CPU
		Debug|ARM = Debug|ARM
		Debug|ARM64 = Debug|ARM64
		Debug|x64 = Debug|x64
		Debug|x86 = Debug|x86
		Release|Any CPU = Release|Any CPU
		Release|ARM = Release|ARM
		Release|ARM64 = Release|ARM64
		Release|x64 = Release|x64
		Release|x86 = Release|x86
	EndGlobalSection
	GlobalSection(ProjectConfigurationPlatforms) = postSolution
		{15F81E78-E7F8-43F3-B7B0-CD9B42FDC949}.Debug|Any CPU.ActiveCfg = Debug|x64
		{15F81E78-E7F8-43F3-B7B0-CD9B42FDC949}.Debug|Any CPU.Build.0 = Debug|x64
		{15F81E78-E7F8-43F3-B7B0-CD9B42FDC949}.Debug|Any CPU.Deploy.0 = Debug|x64
		{15F81E78-E7F8-43F3-B7B0-CD9B42FDC949}.Debug|ARM.ActiveCfg = Debug|ARM
		{15F81E78-E7F8-43F3-B7B0-CD9B42FDC949}.Debug|ARM.Build.0 = Debug|ARM
		{15F81E78-E7F8-43F3-B7B0-CD9B42FDC949}.Debug|ARM.Deploy.0 = Debug|ARM
		{15F81E78-E7F8-43F3-B7B0-CD9B42FDC949}.Debug|ARM64.ActiveCfg = Debug|ARM64
		{15F81E78-E7F8-43F3-B7B0-CD9B42FDC949}.Debug|ARM64.Build.0 = Debug|ARM64
		{15F81E78-E7F8-43F3-B7B0-CD9B42FDC949}.Debug|ARM64.Deploy.0 = Debug|ARM64
		{15F81E78-E7F8-43F3-B7B0-CD9B42FDC949}.Debug|x64.ActiveCfg = Debug|x64
		{15F81E78-E7F8-43F3-B7B0-CD9B42FDC949}.Debug|x64.Build.0 = Debug|x64
		{15F81E78-E7F8-43F3-B7B0-CD9B42FDC949}.Debug|x64.Deploy.0 = Debug|x64
		{15F81E78-E7F8-43F3-B7B0-CD9B42FDC949}.Debug|x86.ActiveCfg = Debug|x86
		{15F81E78-E7F8-43F3-B7B0-CD9B42FDC949}.Debug|x86.Build.0 = Debug|x86
		{15F81E78-E7F8-43F3-B7B0-CD9B42FDC949}.Debug|x86.Deploy.0 = Debug|x86
		{15F81E78-E7F8-43F3-B7B0-CD9B42FDC949}.Release|Any CPU.ActiveCfg = Release|x64
		{15F81E78-E7F8-43F3-B7B0-CD9B42FDC949}.Release|Any CPU.Build.0 = Release|x64
		{15F81E78-E7F8-43F3-B7B0-CD9B42FDC949}.Release|Any CPU.Deploy.0 = Release|x64
		{15F81E78-E7F8-43F3-B7B0-CD9B42FDC949}.Release|ARM.ActiveCfg = Release|ARM
		{15F81E78-E7F8-43F3-B7B0-CD9B42FDC949}.Release|ARM.Build.0 = Release|ARM
		{15F81E78-E7F8-43F3-B7B0-CD9B42FDC949}.Release|ARM.Deploy.0 = Release|ARM
		{15F81E78-E7F8-43F3-B7B0-CD9B42FDC949}.Release|ARM64.ActiveCfg = Release|ARM64
		{15F81E78-E7F8-43F3-B7B0-CD9B42FDC949}.Release|ARM64.Build.0 = Release|ARM64
		{15F81E78-E7F8-43F3-B7B0-CD9B42FDC949}.Release|ARM64.Deploy.0 = Release|ARM64
		{15F81E78-E7F8-43F3-B7B0-CD9B42FDC949}.Release|x64.ActiveCfg = Release|x64
		{15F81E78-E7F8-43F3-B7B0-CD9B42FDC949}.Release|x64.Build.0 = Release|x64
		{15F81E78-E7F8-43F3-B7B0-CD9B42FDC949}.Release|x64.Deploy.0 = Release|x64
		{15F81E78-E7F8-43F3-B7B0-CD9B42FDC949}.Release|x86.ActiveCfg = Release|x86
		{15F81E78-E7F8-43F3-B7B0-CD9B42FDC949}.Release|x86.Build.0 = Release|x86
		{15F81E78-E7F8-43F3-B7B0-CD9B42FDC949}.Release|x86.Deploy.0 = Release|x86
		{C3330CAA-9EC5-4478-83DF-92DA36EC2B1B}.Debug|Any CPU.ActiveCfg = Debug|Any CPU
		{C3330CAA-9EC5-4478-83DF-92DA36EC2B1B}.Debug|Any CPU.Build.0 = Debug|Any CPU
		{C3330CAA-9EC5-4478-83DF-92DA36EC2B1B}.Debug|ARM.ActiveCfg = Debug|Any CPU
		{C3330CAA-9EC5-4478-83DF-92DA36EC2B1B}.Debug|ARM.Build.0 = Debug|Any CPU
		{C3330CAA-9EC5-4478-83DF-92DA36EC2B1B}.Debug|ARM64.ActiveCfg = Debug|Any CPU
		{C3330CAA-9EC5-4478-83DF-92DA36EC2B1B}.Debug|ARM64.Build.0 = Debug|Any CPU
		{C3330CAA-9EC5-4478-83DF-92DA36EC2B1B}.Debug|x64.ActiveCfg = Debug|Any CPU
		{C3330CAA-9EC5-4478-83DF-92DA36EC2B1B}.Debug|x64.Build.0 = Debug|Any CPU
		{C3330CAA-9EC5-4478-83DF-92DA36EC2B1B}.Debug|x86.ActiveCfg = Debug|Any CPU
		{C3330CAA-9EC5-4478-83DF-92DA36EC2B1B}.Debug|x86.Build.0 = Debug|Any CPU
		{C3330CAA-9EC5-4478-83DF-92DA36EC2B1B}.Release|Any CPU.ActiveCfg = Release|Any CPU
		{C3330CAA-9EC5-4478-83DF-92DA36EC2B1B}.Release|Any CPU.Build.0 = Release|Any CPU
		{C3330CAA-9EC5-4478-83DF-92DA36EC2B1B}.Release|ARM.ActiveCfg = Release|Any CPU
		{C3330CAA-9EC5-4478-83DF-92DA36EC2B1B}.Release|ARM.Build.0 = Release|Any CPU
		{C3330CAA-9EC5-4478-83DF-92DA36EC2B1B}.Release|ARM64.ActiveCfg = Release|Any CPU
		{C3330CAA-9EC5-4478-83DF-92DA36EC2B1B}.Release|ARM64.Build.0 = Release|Any CPU
		{C3330CAA-9EC5-4478-83DF-92DA36EC2B1B}.Release|x64.ActiveCfg = Release|Any CPU
		{C3330CAA-9EC5-4478-83DF-92DA36EC2B1B}.Release|x64.Build.0 = Release|Any CPU
		{C3330CAA-9EC5-4478-83DF-92DA36EC2B1B}.Release|x86.ActiveCfg = Release|Any CPU
		{C3330CAA-9EC5-4478-83DF-92DA36EC2B1B}.Release|x86.Build.0 = Release|Any CPU
		{911DA66B-2DFA-4E8D-BB87-EBAB804BDA22}.Debug|Any CPU.ActiveCfg = Debug|Any CPU
		{911DA66B-2DFA-4E8D-BB87-EBAB804BDA22}.Debug|Any CPU.Build.0 = Debug|Any CPU
		{911DA66B-2DFA-4E8D-BB87-EBAB804BDA22}.Debug|ARM.ActiveCfg = Debug|Any CPU
		{911DA66B-2DFA-4E8D-BB87-EBAB804BDA22}.Debug|ARM.Build.0 = Debug|Any CPU
		{911DA66B-2DFA-4E8D-BB87-EBAB804BDA22}.Debug|ARM64.ActiveCfg = Debug|Any CPU
		{911DA66B-2DFA-4E8D-BB87-EBAB804BDA22}.Debug|ARM64.Build.0 = Debug|Any CPU
		{911DA66B-2DFA-4E8D-BB87-EBAB804BDA22}.Debug|x64.ActiveCfg = Debug|Any CPU
		{911DA66B-2DFA-4E8D-BB87-EBAB804BDA22}.Debug|x64.Build.0 = Debug|Any CPU
		{911DA66B-2DFA-4E8D-BB87-EBAB804BDA22}.Debug|x86.ActiveCfg = Debug|Any CPU
		{911DA66B-2DFA-4E8D-BB87-EBAB804BDA22}.Debug|x86.Build.0 = Debug|Any CPU
		{911DA66B-2DFA-4E8D-BB87-EBAB804BDA22}.Release|Any CPU.ActiveCfg = Release|Any CPU
		{911DA66B-2DFA-4E8D-BB87-EBAB804BDA22}.Release|Any CPU.Build.0 = Release|Any CPU
		{911DA66B-2DFA-4E8D-BB87-EBAB804BDA22}.Release|ARM.ActiveCfg = Release|Any CPU
		{911DA66B-2DFA-4E8D-BB87-EBAB804BDA22}.Release|ARM.Build.0 = Release|Any CPU
		{911DA66B-2DFA-4E8D-BB87-EBAB804BDA22}.Release|ARM64.ActiveCfg = Release|Any CPU
		{911DA66B-2DFA-4E8D-BB87-EBAB804BDA22}.Release|ARM64.Build.0 = Release|Any CPU
		{911DA66B-2DFA-4E8D-BB87-EBAB804BDA22}.Release|x64.ActiveCfg = Release|Any CPU
		{911DA66B-2DFA-4E8D-BB87-EBAB804BDA22}.Release|x64.Build.0 = Release|Any CPU
		{911DA66B-2DFA-4E8D-BB87-EBAB804BDA22}.Release|x86.ActiveCfg = Release|Any CPU
		{911DA66B-2DFA-4E8D-BB87-EBAB804BDA22}.Release|x86.Build.0 = Release|Any CPU
		{3C4B75E4-EA42-49E4-80CF-5D7EE6077F78}.Debug|Any CPU.ActiveCfg = Debug|Any CPU
		{3C4B75E4-EA42-49E4-80CF-5D7EE6077F78}.Debug|Any CPU.Build.0 = Debug|Any CPU
		{3C4B75E4-EA42-49E4-80CF-5D7EE6077F78}.Debug|ARM.ActiveCfg = Debug|Any CPU
		{3C4B75E4-EA42-49E4-80CF-5D7EE6077F78}.Debug|ARM.Build.0 = Debug|Any CPU
		{3C4B75E4-EA42-49E4-80CF-5D7EE6077F78}.Debug|ARM64.ActiveCfg = Debug|Any CPU
		{3C4B75E4-EA42-49E4-80CF-5D7EE6077F78}.Debug|ARM64.Build.0 = Debug|Any CPU
		{3C4B75E4-EA42-49E4-80CF-5D7EE6077F78}.Debug|x64.ActiveCfg = Debug|Any CPU
		{3C4B75E4-EA42-49E4-80CF-5D7EE6077F78}.Debug|x64.Build.0 = Debug|Any CPU
		{3C4B75E4-EA42-49E4-80CF-5D7EE6077F78}.Debug|x86.ActiveCfg = Debug|Any CPU
		{3C4B75E4-EA42-49E4-80CF-5D7EE6077F78}.Debug|x86.Build.0 = Debug|Any CPU
		{3C4B75E4-EA42-49E4-80CF-5D7EE6077F78}.Release|Any CPU.ActiveCfg = Release|Any CPU
		{3C4B75E4-EA42-49E4-80CF-5D7EE6077F78}.Release|Any CPU.Build.0 = Release|Any CPU
		{3C4B75E4-EA42-49E4-80CF-5D7EE6077F78}.Release|ARM.ActiveCfg = Release|Any CPU
		{3C4B75E4-EA42-49E4-80CF-5D7EE6077F78}.Release|ARM.Build.0 = Release|Any CPU
		{3C4B75E4-EA42-49E4-80CF-5D7EE6077F78}.Release|ARM64.ActiveCfg = Release|Any CPU
		{3C4B75E4-EA42-49E4-80CF-5D7EE6077F78}.Release|ARM64.Build.0 = Release|Any CPU
		{3C4B75E4-EA42-49E4-80CF-5D7EE6077F78}.Release|x64.ActiveCfg = Release|Any CPU
		{3C4B75E4-EA42-49E4-80CF-5D7EE6077F78}.Release|x64.Build.0 = Release|Any CPU
		{3C4B75E4-EA42-49E4-80CF-5D7EE6077F78}.Release|x86.ActiveCfg = Release|Any CPU
		{3C4B75E4-EA42-49E4-80CF-5D7EE6077F78}.Release|x86.Build.0 = Release|Any CPU
	EndGlobalSection
	GlobalSection(SolutionProperties) = preSolution
		HideSolutionNode = FALSE
	EndGlobalSection
	GlobalSection(NestedProjects) = preSolution
		{15F81E78-E7F8-43F3-B7B0-CD9B42FDC949} = {588F5F15-8439-4635-87A6-667B007CF9C6}
		{C3330CAA-9EC5-4478-83DF-92DA36EC2B1B} = {13C27E8E-B67A-4246-8EFC-4B4807E1C381}
		{911DA66B-2DFA-4E8D-BB87-EBAB804BDA22} = {C5B1C1E2-C198-4F57-85E7-2AAFE35CD900}
		{3C4B75E4-EA42-49E4-80CF-5D7EE6077F78} = {C5B1C1E2-C198-4F57-85E7-2AAFE35CD900}
	EndGlobalSection
	GlobalSection(ExtensibilityGlobals) = postSolution
		SolutionGuid = {70A02D47-1A28-46CD-8394-D725E6EFCD38}
	EndGlobalSection
EndGlobal
